
Microsoft Visual Studio Solution File, Format Version 12.00
# Visual Studio Version 16
VisualStudioVersion = 16.0.29311.281
MinimumVisualStudioVersion = 15.0.26124.0
Project("{9A19103F-16F7-4668-BE54-9A1E7A4F7556}") = "WeatherClientLib", "WeatherClientLib\WeatherClientLib.csproj", "{E7DC79FD-C066-43B9-8D91-6AB167540C29}"
EndProject
Project("{9A19103F-16F7-4668-BE54-9A1E7A4F7556}") = "BlazorWeather.Core", "BlazorWeather.Core\BlazorWeather.Core.csproj", "{9DCF1A80-FF9E-4EFD-B01B-D54A2F0B1BCC}"
EndProject
Project("{9A19103F-16F7-4668-BE54-9A1E7A4F7556}") = "BlazorWeather.Server", "BlazorWeather.Server\BlazorWeather.Server.csproj", "{7B73AE56-8A04-4C40-A168-0624BDE6E777}"
EndProject
Project("{9A19103F-16F7-4668-BE54-9A1E7A4F7556}") = "BlazorWeather.Electron", "BlazorWeather.Electron\BlazorWeather.Electron.csproj", "{DFE6C94A-72DF-4477-9074-DD86774CDE09}"
EndProject
Project("{9A19103F-16F7-4668-BE54-9A1E7A4F7556}") = "BlazorWeather.WebAssembly", "BlazorWeather.WebAssembly\BlazorWeather.WebAssembly.csproj", "{4DEB48CA-1EF2-417E-B957-A87152197193}"
EndProject
Project("{2150E333-8FDC-42A3-9474-1A3956D46DE8}") = "1", "1", "{40789C4D-7F88-45DC-9C90-B641EB2ACD49}"
EndProject
Project("{2150E333-8FDC-42A3-9474-1A3956D46DE8}") = "2", "2", "{5435AFE1-860C-4294-9602-262E2AC410FC}"
EndProject
Project("{2150E333-8FDC-42A3-9474-1A3956D46DE8}") = "3", "3", "{32348E3E-2D2C-4E23-BE75-EDFE8552BEBD}"
EndProject
Global
	GlobalSection(SolutionConfigurationPlatforms) = preSolution
		Debug|Any CPU = Debug|Any CPU
		Debug|x64 = Debug|x64
		Debug|x86 = Debug|x86
		Release|Any CPU = Release|Any CPU
		Release|x64 = Release|x64
		Release|x86 = Release|x86
	EndGlobalSection
	GlobalSection(ProjectConfigurationPlatforms) = postSolution
		{E7DC79FD-C066-43B9-8D91-6AB167540C29}.Debug|Any CPU.ActiveCfg = Debug|Any CPU
		{E7DC79FD-C066-43B9-8D91-6AB167540C29}.Debug|Any CPU.Build.0 = Debug|Any CPU
		{E7DC79FD-C066-43B9-8D91-6AB167540C29}.Debug|x64.ActiveCfg = Debug|Any CPU
		{E7DC79FD-C066-43B9-8D91-6AB167540C29}.Debug|x64.Build.0 = Debug|Any CPU
		{E7DC79FD-C066-43B9-8D91-6AB167540C29}.Debug|x86.ActiveCfg = Debug|Any CPU
		{E7DC79FD-C066-43B9-8D91-6AB167540C29}.Debug|x86.Build.0 = Debug|Any CPU
		{E7DC79FD-C066-43B9-8D91-6AB167540C29}.Release|Any CPU.ActiveCfg = Release|Any CPU
		{E7DC79FD-C066-43B9-8D91-6AB167540C29}.Release|Any CPU.Build.0 = Release|Any CPU
		{E7DC79FD-C066-43B9-8D91-6AB167540C29}.Release|x64.ActiveCfg = Release|Any CPU
		{E7DC79FD-C066-43B9-8D91-6AB167540C29}.Release|x64.Build.0 = Release|Any CPU
		{E7DC79FD-C066-43B9-8D91-6AB167540C29}.Release|x86.ActiveCfg = Release|Any CPU
		{E7DC79FD-C066-43B9-8D91-6AB167540C29}.Release|x86.Build.0 = Release|Any CPU
		{9DCF1A80-FF9E-4EFD-B01B-D54A2F0B1BCC}.Debug|Any CPU.ActiveCfg = Debug|Any CPU
		{9DCF1A80-FF9E-4EFD-B01B-D54A2F0B1BCC}.Debug|Any CPU.Build.0 = Debug|Any CPU
		{9DCF1A80-FF9E-4EFD-B01B-D54A2F0B1BCC}.Debug|x64.ActiveCfg = Debug|Any CPU
		{9DCF1A80-FF9E-4EFD-B01B-D54A2F0B1BCC}.Debug|x64.Build.0 = Debug|Any CPU
		{9DCF1A80-FF9E-4EFD-B01B-D54A2F0B1BCC}.Debug|x86.ActiveCfg = Debug|Any CPU
		{9DCF1A80-FF9E-4EFD-B01B-D54A2F0B1BCC}.Debug|x86.Build.0 = Debug|Any CPU
		{9DCF1A80-FF9E-4EFD-B01B-D54A2F0B1BCC}.Release|Any CPU.ActiveCfg = Release|Any CPU
		{9DCF1A80-FF9E-4EFD-B01B-D54A2F0B1BCC}.Release|Any CPU.Build.0 = Release|Any CPU
		{9DCF1A80-FF9E-4EFD-B01B-D54A2F0B1BCC}.Release|x64.ActiveCfg = Release|Any CPU
		{9DCF1A80-FF9E-4EFD-B01B-D54A2F0B1BCC}.Release|x64.Build.0 = Release|Any CPU
		{9DCF1A80-FF9E-4EFD-B01B-D54A2F0B1BCC}.Release|x86.ActiveCfg = Release|Any CPU
		{9DCF1A80-FF9E-4EFD-B01B-D54A2F0B1BCC}.Release|x86.Build.0 = Release|Any CPU
		{7B73AE56-8A04-4C40-A168-0624BDE6E777}.Debug|Any CPU.ActiveCfg = Debug|Any CPU
		{7B73AE56-8A04-4C40-A168-0624BDE6E777}.Debug|Any CPU.Build.0 = Debug|Any CPU
		{7B73AE56-8A04-4C40-A168-0624BDE6E777}.Debug|x64.ActiveCfg = Debug|Any CPU
		{7B73AE56-8A04-4C40-A168-0624BDE6E777}.Debug|x64.Build.0 = Debug|Any CPU
		{7B73AE56-8A04-4C40-A168-0624BDE6E777}.Debug|x86.ActiveCfg = Debug|Any CPU
		{7B73AE56-8A04-4C40-A168-0624BDE6E777}.Debug|x86.Build.0 = Debug|Any CPU
		{7B73AE56-8A04-4C40-A168-0624BDE6E777}.Release|Any CPU.ActiveCfg = Release|Any CPU
		{7B73AE56-8A04-4C40-A168-0624BDE6E777}.Release|Any CPU.Build.0 = Release|Any CPU
		{7B73AE56-8A04-4C40-A168-0624BDE6E777}.Release|x64.ActiveCfg = Release|Any CPU
		{7B73AE56-8A04-4C40-A168-0624BDE6E777}.Release|x64.Build.0 = Release|Any CPU
		{7B73AE56-8A04-4C40-A168-0624BDE6E777}.Release|x86.ActiveCfg = Release|Any CPU
		{7B73AE56-8A04-4C40-A168-0624BDE6E777}.Release|x86.Build.0 = Release|Any CPU
		{DFE6C94A-72DF-4477-9074-DD86774CDE09}.Debug|Any CPU.ActiveCfg = Debug|Any CPU
		{DFE6C94A-72DF-4477-9074-DD86774CDE09}.Debug|Any CPU.Build.0 = Debug|Any CPU
		{DFE6C94A-72DF-4477-9074-DD86774CDE09}.Debug|x64.ActiveCfg = Debug|Any CPU
		{DFE6C94A-72DF-4477-9074-DD86774CDE09}.Debug|x64.Build.0 = Debug|Any CPU
		{DFE6C94A-72DF-4477-9074-DD86774CDE09}.Debug|x86.ActiveCfg = Debug|Any CPU
		{DFE6C94A-72DF-4477-9074-DD86774CDE09}.Debug|x86.Build.0 = Debug|Any CPU
		{DFE6C94A-72DF-4477-9074-DD86774CDE09}.Release|Any CPU.ActiveCfg = Release|Any CPU
		{DFE6C94A-72DF-4477-9074-DD86774CDE09}.Release|Any CPU.Build.0 = Release|Any CPU
		{DFE6C94A-72DF-4477-9074-DD86774CDE09}.Release|x64.ActiveCfg = Release|Any CPU
		{DFE6C94A-72DF-4477-9074-DD86774CDE09}.Release|x64.Build.0 = Release|Any CPU
		{DFE6C94A-72DF-4477-9074-DD86774CDE09}.Release|x86.ActiveCfg = Release|Any CPU
		{DFE6C94A-72DF-4477-9074-DD86774CDE09}.Release|x86.Build.0 = Release|Any CPU
		{4DEB48CA-1EF2-417E-B957-A87152197193}.Debug|Any CPU.ActiveCfg = Debug|Any CPU
		{4DEB48CA-1EF2-417E-B957-A87152197193}.Debug|Any CPU.Build.0 = Debug|Any CPU
		{4DEB48CA-1EF2-417E-B957-A87152197193}.Debug|x64.ActiveCfg = Debug|Any CPU
		{4DEB48CA-1EF2-417E-B957-A87152197193}.Debug|x64.Build.0 = Debug|Any CPU
		{4DEB48CA-1EF2-417E-B957-A87152197193}.Debug|x86.ActiveCfg = Debug|Any CPU
		{4DEB48CA-1EF2-417E-B957-A87152197193}.Debug|x86.Build.0 = Debug|Any CPU
		{4DEB48CA-1EF2-417E-B957-A87152197193}.Release|Any CPU.ActiveCfg = Release|Any CPU
		{4DEB48CA-1EF2-417E-B957-A87152197193}.Release|Any CPU.Build.0 = Release|Any CPU
		{4DEB48CA-1EF2-417E-B957-A87152197193}.Release|x64.ActiveCfg = Release|Any CPU
		{4DEB48CA-1EF2-417E-B957-A87152197193}.Release|x64.Build.0 = Release|Any CPU
		{4DEB48CA-1EF2-417E-B957-A87152197193}.Release|x86.ActiveCfg = Release|Any CPU
		{4DEB48CA-1EF2-417E-B957-A87152197193}.Release|x86.Build.0 = Release|Any CPU
	EndGlobalSection
	GlobalSection(SolutionProperties) = preSolution
		HideSolutionNode = FALSE
	EndGlobalSection
	GlobalSection(NestedProjects) = preSolution
		{7B73AE56-8A04-4C40-A168-0624BDE6E777} = {40789C4D-7F88-45DC-9C90-B641EB2ACD49}
		{DFE6C94A-72DF-4477-9074-DD86774CDE09} = {32348E3E-2D2C-4E23-BE75-EDFE8552BEBD}
		{4DEB48CA-1EF2-417E-B957-A87152197193} = {5435AFE1-860C-4294-9602-262E2AC410FC}
	EndGlobalSection
	GlobalSection(ExtensibilityGlobals) = postSolution
		SolutionGuid = {DDBF187C-B0CA-4286-A745-0345D7BEDF9F}
	EndGlobalSection
EndGlobal
