
Microsoft Visual Studio Solution File, Format Version 12.00
# Visual Studio Version 16
VisualStudioVersion = 16.0.29311.281
MinimumVisualStudioVersion = 15.0.26124.0
Project("{9A19103F-16F7-4668-BE54-9A1E7A4F7556}") = "WeatherClientLib", "WeatherClientLib\WeatherClientLib.csproj", "{E7DC79FD-C066-43B9-8D91-6AB167540C29}"
EndProject
Project("{9A19103F-16F7-4668-BE54-9A1E7A4F7556}") = "BlazorWeather", "BlazorWeather\BlazorWeather.csproj", "{A1882BB3-59D7-490F-8A71-F281CCBBC7FB}"
EndProject
Global
	GlobalSection(SolutionConfigurationPlatforms) = preSolution
		Debug|Any CPU = Debug|Any CPU
		Debug|x64 = Debug|x64
		Debug|x86 = Debug|x86
		Release|Any CPU = Release|Any CPU
		Release|x64 = Release|x64
		Release|x86 = Release|x86
	EndGlobalSection
	GlobalSection(ProjectConfigurationPlatforms) = postSolution
		{E7DC79FD-C066-43B9-8D91-6AB167540C29}.Debug|Any CPU.ActiveCfg = Debug|Any CPU
		{E7DC79FD-C066-43B9-8D91-6AB167540C29}.Debug|Any CPU.Build.0 = Debug|Any CPU
		{E7DC79FD-C066-43B9-8D91-6AB167540C29}.Debug|x64.ActiveCfg = Debug|Any CPU
		{E7DC79FD-C066-43B9-8D91-6AB167540C29}.Debug|x64.Build.0 = Debug|Any CPU
		{E7DC79FD-C066-43B9-8D91-6AB167540C29}.Debug|x86.ActiveCfg = Debug|Any CPU
		{E7DC79FD-C066-43B9-8D91-6AB167540C29}.Debug|x86.Build.0 = Debug|Any CPU
		{E7DC79FD-C066-43B9-8D91-6AB167540C29}.Release|Any CPU.ActiveCfg = Release|Any CPU
		{E7DC79FD-C066-43B9-8D91-6AB167540C29}.Release|Any CPU.Build.0 = Release|Any CPU
		{E7DC79FD-C066-43B9-8D91-6AB167540C29}.Release|x64.ActiveCfg = Release|Any CPU
		{E7DC79FD-C066-43B9-8D91-6AB167540C29}.Release|x64.Build.0 = Release|Any CPU
		{E7DC79FD-C066-43B9-8D91-6AB167540C29}.Release|x86.ActiveCfg = Release|Any CPU
		{E7DC79FD-C066-43B9-8D91-6AB167540C29}.Release|x86.Build.0 = Release|Any CPU
		{A1882BB3-59D7-490F-8A71-F281CCBBC7FB}.Debug|Any CPU.ActiveCfg = Debug|Any CPU
		{A1882BB3-59D7-490F-8A71-F281CCBBC7FB}.Debug|Any CPU.Build.0 = Debug|Any CPU
		{A1882BB3-59D7-490F-8A71-F281CCBBC7FB}.Debug|x64.ActiveCfg = Debug|Any CPU
		{A1882BB3-59D7-490F-8A71-F281CCBBC7FB}.Debug|x64.Build.0 = Debug|Any CPU
		{A1882BB3-59D7-490F-8A71-F281CCBBC7FB}.Debug|x86.ActiveCfg = Debug|Any CPU
		{A1882BB3-59D7-490F-8A71-F281CCBBC7FB}.Debug|x86.Build.0 = Debug|Any CPU
		{A1882BB3-59D7-490F-8A71-F281CCBBC7FB}.Release|Any CPU.ActiveCfg = Release|Any CPU
		{A1882BB3-59D7-490F-8A71-F281CCBBC7FB}.Release|Any CPU.Build.0 = Release|Any CPU
		{A1882BB3-59D7-490F-8A71-F281CCBBC7FB}.Release|x64.ActiveCfg = Release|Any CPU
		{A1882BB3-59D7-490F-8A71-F281CCBBC7FB}.Release|x64.Build.0 = Release|Any CPU
		{A1882BB3-59D7-490F-8A71-F281CCBBC7FB}.Release|x86.ActiveCfg = Release|Any CPU
		{A1882BB3-59D7-490F-8A71-F281CCBBC7FB}.Release|x86.Build.0 = Release|Any CPU
	EndGlobalSection
	GlobalSection(SolutionProperties) = preSolution
		HideSolutionNode = FALSE
	EndGlobalSection
	GlobalSection(ExtensibilityGlobals) = postSolution
		SolutionGuid = {DDBF187C-B0CA-4286-A745-0345D7BEDF9F}
	EndGlobalSection
EndGlobal
